{
  "name": "homework_02_2",
  "version": "1.0.0",
  "lockfileVersion": 3,
  "requires": true,
  "packages": {
    "": {
      "name": "homework_02_2",
      "version": "1.0.0",
      "license": "ISC",
      "dependencies": {
        "lavrik_pass_genaration": "^1.0.0"
      }
    },
    "node_modules/lavrik_pass_genaration": {
      "version": "1.0.0",
      "resolved": "https://registry.npmjs.org/lavrik_pass_genaration/-/lavrik_pass_genaration-1.0.0.tgz",
      "integrity": "sha512-OJ29Lb1YFJW/7sdkU0McmJluKl7kHUUWQA4aZrzdJuLBYVNl1CF5v8xEh56hEgQ3I7q7Wplmd2azO0IAtPluFA=="
    }
  }
}
